lockfileVersion: '9.0'

settings:
  autoInstallPeers: true
  excludeLinksFromLockfile: false

overrides:
  '@iconify/tools': ^4.0.5

importers:

  .:
    dependencies:
      '@astrojs/check':
        specifier: ^0.9.3
        version: 0.9.3(prettier-plugin-astro@0.14.1)(prettier@3.3.3)(typescript@5.6.2)
      '@astrojs/mdx':
        specifier: ^3.1.7
        version: 3.1.7(astro@4.15.8(@types/node@22.5.5)(lightningcss@1.25.1)(rollup@2.79.1)(sass@1.79.3)(terser@5.33.0)(typescript@5.6.2))
      '@astrojs/react':
        specifier: ^3.6.2
        version: 3.6.2(@types/react-dom@18.3.0)(@types/react@18.3.8)(react-dom@18.3.1(react@18.3.1))(react@18.3.1)(vite@5.4.7(@types/node@22.5.5)(lightningcss@1.25.1)(sass@1.79.3)(terser@5.33.0))
      '@astrojs/rss':
        specifier: ^4.0.7
        version: 4.0.7
      '@astrojs/sitemap':
        specifier: ^3.1.6
        version: 3.1.6
      '@astrojs/tailwind':
        specifier: ^5.1.1
        version: 5.1.1(astro@4.15.8(@types/node@22.5.5)(lightningcss@1.25.1)(rollup@2.79.1)(sass@1.79.3)(terser@5.33.0)(typescript@5.6.2))(tailwindcss@3.4.12)
      '@astrojs/vercel':
        specifier: ^7.8.1
        version: 7.8.1(astro@4.15.8(@types/node@22.5.5)(lightningcss@1.25.1)(rollup@2.79.1)(sass@1.79.3)(terser@5.33.0)(typescript@5.6.2))(react@18.3.1)
      '@notionhq/client':
        specifier: ^2.2.15
        version: 2.2.15
      '@playform/compress':
        specifier: ^0.0.13
        version: 0.0.13(@types/node@22.5.5)(rollup@2.79.1)(sass@1.79.3)(typescript@5.6.2)
      '@swup/astro':
        specifier: ^1.4.1
        version: 1.4.1(@types/babel__core@7.20.5)
      '@swup/parallel-plugin':
        specifier: ^0.4.0
        version: 0.4.0(@types/babel__core@7.20.5)(swup@4.7.0)
      '@swup/progress-plugin':
        specifier: ^3.2.0
        version: 3.2.0(swup@4.7.0)
      '@swup/scroll-plugin':
        specifier: ^3.3.2
        version: 3.3.2(swup@4.7.0)
      '@types/react':
        specifier: ^18.3.8
        version: 18.3.8
      '@types/react-dom':
        specifier: ^18.3.0
        version: 18.3.0
      '@vercel/analytics':
        specifier: ^1.3.1
        version: 1.3.1(react@18.3.1)
      astro:
        specifier: ^4.15.8
        version: 4.15.8(@types/node@22.5.5)(lightningcss@1.25.1)(rollup@2.79.1)(sass@1.79.3)(terser@5.33.0)(typescript@5.6.2)
      astro-i18next:
        specifier: 1.0.0-beta.21
        version: 1.0.0-beta.21(astro@4.15.8(@types/node@22.5.5)(lightningcss@1.25.1)(rollup@2.79.1)(sass@1.79.3)(terser@5.33.0)(typescript@5.6.2))
      astro-icon:
        specifier: ^1.1.1
        version: 1.1.1
      astro-pagefind:
        specifier: ^1.6.0
        version: 1.6.0(astro@4.15.8(@types/node@22.5.5)(lightningcss@1.25.1)(rollup@2.79.1)(sass@1.79.3)(terser@5.33.0)(typescript@5.6.2))
      dayjs:
        specifier: ^1.11.13

  vscode-languageserver-protocol@3.17.5:
    dependencies:
      vscode-jsonrpc: 8.2.0
      vscode-languageserver-types: 3.17.5

  vscode-languageserver-textdocument@1.0.12: {}

  vscode-languageserver-types@3.16.0: {}

  vscode-languageserver-types@3.17.5: {}

  vscode-languageserver@7.0.0:
    dependencies:
      vscode-languageserver-protocol: 3.16.0

  vscode-languageserver@9.0.1:
    dependencies:
      vscode-languageserver-protocol: 3.17.5

  vscode-nls@5.2.0: {}

  vscode-uri@2.1.2: {}

  vscode-uri@3.0.8: {}

  web-namespaces@2.0.1: {}

  web-vitals@3.5.2: {}

  webidl-conversions@3.0.1: {}

  whatwg-encoding@3.1.1:
    dependencies:
      iconv-lite: 0.6.3

  whatwg-mimetype@4.0.0: {}

  whatwg-url@5.0.0:
    dependencies:
      tr46: 0.0.3
      webidl-conversions: 3.0.1

  which-boxed-primitive@1.0.2:
    dependencies:
      is-bigint: 1.0.4
      is-boolean-object: 1.1.2
      is-number-object: 1.0.7
      is-string: 1.0.7
      is-symbol: 1.0.4

  which-pm-runs@1.1.0: {}

  which-pm@3.0.0:
    dependencies:
      load-yaml-file: 0.2.0

  which-typed-array@1.1.15:
    dependencies:
      available-typed-arrays: 1.0.7
      call-bind: 1.0.7
      for-each: 0.3.3
      gopd: 1.0.1
      has-tostringtag: 1.0.2

  which@2.0.2:
    dependencies:
      isexe: 2.0.0

  wide-align@1.1.5:
    dependencies:
      string-width: 4.2.3

  widest-line@4.0.1:
    dependencies:
      string-width: 5.1.2

  wrap-ansi@7.0.0:
    dependencies:
      ansi-styles: 4.3.0
      string-width: 4.2.3
      strip-ansi: 6.0.1

  wrap-ansi@8.1.0:
    dependencies:
      ansi-styles: 6.2.1
      string-width: 5.1.2
      strip-ansi: 7.1.0

  wrappy@1.0.2: {}

  xxhash-wasm@1.0.2: {}

  y18n@5.0.8: {}

  yallist@3.1.1: {}

  yallist@4.0.0: {}

  yaml-language-server@1.15.0:
    dependencies:
      ajv: 8.17.1
      lodash: 4.17.21
      request-light: 0.5.8
      vscode-json-languageservice: 4.1.8
      vscode-languageserver: 7.0.0
      vscode-languageserver-textdocument: 1.0.12
      vscode-languageserver-types: 3.17.5
      vscode-nls: 5.2.0
      vscode-uri: 3.0.8
      yaml: 2.2.2
    optionalDependencies:
      prettier: 2.8.7

  yaml@1.10.2: {}

  yaml@2.2.2: {}

  yaml@2.5.1: {}

  yargs-parser@21.1.1: {}

  yargs@17.7.2:
    dependencies:
      cliui: 8.0.1
      escalade: 3.2.0
      get-caller-file: 2.0.5
      require-directory: 2.1.1
      string-width: 4.2.3
      y18n: 5.0.8
      yargs-parser: 21.1.1

  yauzl@2.10.0:
    dependencies:
      buffer-crc32: 0.2.13
      fd-slicer: 1.1.0

  yocto-queue@1.1.1: {}

  zod-to-json-schema@3.23.3(zod@3.23.8):
    dependencies:
      zod: 3.23.8

  zod-to-ts@1.2.0(typescript@5.6.2)(zod@3.23.8):
    dependencies:
      typescript: 5.6.2
      zod: 3.23.8

  zod@3.23.8: {}

  zwitch@2.0.4: {}